
Microsoft Visual Studio Solution File, Format Version 12.00
# Visual Studio Version 16
VisualStudioVersion = 16.0.31424.327
MinimumVisualStudioVersion = 10.0.40219.1
Project("{FAE04EC0-301F-11D3-BF4B-00C04F79EFBC}") = "Bennytron 2000", "Bennytron 2000\Bennytron 2000.csproj", "{24325295-0573-4891-B3CE-EE0A5398BEEB}"
EndProject
Global
	GlobalSection(SolutionConfigurationPlatforms) = preSolution
		Debug|Any CPU = Debug|Any CPU
		Release|Any CPU = Release|Any CPU
	EndGlobalSection
	GlobalSection(ProjectConfigurationPlatforms) = postSolution
		{24325295-0573-4891-B3CE-EE0A5398BEEB}.Debug|Any CPU.ActiveCfg = Debug|Any CPU
		{24325295-0573-4891-B3CE-EE0A5398BEEB}.Debug|Any CPU.Build.0 = Debug|Any CPU
		{24325295-0573-4891-B3CE-EE0A5398BEEB}.Release|Any CPU.ActiveCfg = Release|Any CPU
		{24325295-0573-4891-B3CE-EE0A5398BEEB}.Release|Any CPU.Build.0 = Release|Any CPU
	EndGlobalSection
	GlobalSection(SolutionProperties) = preSolution
		HideSolutionNode = FALSE
	EndGlobalSection
	GlobalSection(ExtensibilityGlobals) = postSolution
		SolutionGuid = {61D18BB2-BA2C-4F6D-BF63-687539E4E42C}
	EndGlobalSection
EndGlobal
